
Microsoft Visual Studio Solution File, Format Version 12.00
# Visual Studio Version 17
VisualStudioVersion = 17.4.33205.214
MinimumVisualStudioVersion = 10.0.40219.1
Project("{FAE04EC0-301F-11D3-BF4B-00C04F79EFBC}") = "Commander", "Commander\Commander.csproj", "{160264FF-D77B-4FD2-8D81-158A10082B29}"
EndProject
Global
	GlobalSection(SolutionConfigurationPlatforms) = preSolution
		Debug|Any CPU = Debug|Any CPU
		Release|Any CPU = Release|Any CPU
	EndGlobalSection
	GlobalSection(ProjectConfigurationPlatforms) = postSolution
		{160264FF-D77B-4FD2-8D81-158A10082B29}.Debug|Any CPU.ActiveCfg = Debug|Any CPU
		{160264FF-D77B-4FD2-8D81-158A10082B29}.Debug|Any CPU.Build.0 = Debug|Any CPU
		{160264FF-D77B-4FD2-8D81-158A10082B29}.Release|Any CPU.ActiveCfg = Release|Any CPU
		{160264FF-D77B-4FD2-8D81-158A10082B29}.Release|Any CPU.Build.0 = Release|Any CPU
	EndGlobalSection
	GlobalSection(SolutionProperties) = preSolution
		HideSolutionNode = FALSE
	EndGlobalSection
	GlobalSection(ExtensibilityGlobals) = postSolution
		SolutionGuid = {C4F7E0E1-C8BF-499C-92A8-D59015518C53}
	EndGlobalSection
EndGlobal
